
Microsoft Visual Studio Solution File, Format Version 11.00
# Visual Studio 2010
Project("{FAE04EC0-301F-11D3-BF4B-00C04F79EFBC}") = "2D-UFO", "Assembly-CSharp.csproj", "{982DFAF9-2D5A-BFD6-8999-AACA57A5DD5A}"
EndProject
Project("{FAE04EC0-301F-11D3-BF4B-00C04F79EFBC}") = "2D-UFO", "Assembly-CSharp-Editor.csproj", "{4DC46CD2-5C65-075C-5CE4-BE6F4B248276}"
EndProject
Global
	GlobalSection(SolutionConfigurationPlatforms) = preSolution
		Debug|Any CPU = Debug|Any CPU
		Release|Any CPU = Release|Any CPU
	EndGlobalSection
	GlobalSection(ProjectConfigurationPlatforms) = postSolution
		{982DFAF9-2D5A-BFD6-8999-AACA57A5DD5A}.Debug|Any CPU.ActiveCfg = Debug|Any CPU
		{982DFAF9-2D5A-BFD6-8999-AACA57A5DD5A}.Debug|Any CPU.Build.0 = Debug|Any CPU
		{982DFAF9-2D5A-BFD6-8999-AACA57A5DD5A}.Release|Any CPU.ActiveCfg = Release|Any CPU
		{982DFAF9-2D5A-BFD6-8999-AACA57A5DD5A}.Release|Any CPU.Build.0 = Release|Any CPU
		{4DC46CD2-5C65-075C-5CE4-BE6F4B248276}.Debug|Any CPU.ActiveCfg = Debug|Any CPU
		{4DC46CD2-5C65-075C-5CE4-BE6F4B248276}.Debug|Any CPU.Build.0 = Debug|Any CPU
		{4DC46CD2-5C65-075C-5CE4-BE6F4B248276}.Release|Any CPU.ActiveCfg = Release|Any CPU
		{4DC46CD2-5C65-075C-5CE4-BE6F4B248276}.Release|Any CPU.Build.0 = Release|Any CPU
	EndGlobalSection
	GlobalSection(SolutionProperties) = preSolution
		HideSolutionNode = FALSE
	EndGlobalSection
	GlobalSection(MonoDevelopProperties) = preSolution
		StartupItem = Assembly-CSharp.csproj
	EndGlobalSection
EndGlobal
